// !$*UTF8*$!
{
	archiveVersion = 1;
	classes = {
	};
	objectVersion = 50;
	objects = {

/* Begin PBXBuildFile section */
		C0D3D78F25E5A0D200539878 /* AppDelegate.swift in Sources */ = {isa = PBXBuildFile; fileRef = C0D3D78E25E5A0D200539878 /* AppDelegate.swift */; };
		C0D3D79125E5A0D200539878 /* SceneDelegate.swift in Sources */ = {isa = PBXBuildFile; fileRef = C0D3D79025E5A0D200539878 /* SceneDelegate.swift */; };
		C0D3D79325E5A0D200539878 /* ViewController.swift in Sources */ = {isa = PBXBuildFile; fileRef = C0D3D79225E5A0D200539878 /* ViewController.swift */; };
		C0D3D79625E5A0D200539878 /* Main.storyboard in Resources */ = {isa = PBXBuildFile; fileRef = C0D3D79425E5A0D200539878 /* Main.storyboard */; };
		C0D3D79925E5A0D200539878 /* SpringChallengeP_K_.xcdatamodeld in Sources */ = {isa = PBXBuildFile; fileRef = C0D3D79725E5A0D200539878 /* SpringChallengeP_K_.xcdatamodeld */; };
		C0D3D79B25E5A0D300539878 /* Assets.xcassets in Resources */ = {isa = PBXBuildFile; fileRef = C0D3D79A25E5A0D300539878 /* Assets.xcassets */; };
		C0D3D79E25E5A0D300539878 /* LaunchScreen.storyboard in Resources */ = {isa = PBXBuildFile; fileRef = C0D3D79C25E5A0D300539878 /* LaunchScreen.storyboard */; };
		C0D3D7A725E5A12200539878 /* Posts.json in Resources */ = {isa = PBXBuildFile; fileRef = C0D3D7A625E5A12200539878 /* Posts.json */; };
		C0D3D7AA25E5A1B100539878 /* Posts.swift in Sources */ = {isa = PBXBuildFile; fileRef = C0D3D7A925E5A1B100539878 /* Posts.swift */; };
		C0D3D7AD25E5A4C500539878 /* PostsToLoad.swift in Sources */ = {isa = PBXBuildFile; fileRef = C0D3D7AC25E5A4C500539878 /* PostsToLoad.swift */; };
		C0D3D7B025E5DD1D00539878 /* User.json in Resources */ = {isa = PBXBuildFile; fileRef = C0D3D7AF25E5DD1D00539878 /* User.json */; };
/* End PBXBuildFile section */

/* Begin PBXFileReference section */
		C0D3D78B25E5A0D200539878 /* SpringChallengeP.K..app */ = {isa = PBXFileReference; explicitFileType = wrapper.application; includeInIndex = 0; path = SpringChallengeP.K..app; sourceTree = BUILT_PRODUCTS_DIR; };
		C0D3D78E25E5A0D200539878 /* AppDelegate.swift */ = {isa = PBXFileReference; lastKnownFileType = sourcecode.swift; path = AppDelegate.swift; sourceTree = "<group>"; };
		C0D3D79025E5A0D200539878 /* SceneDelegate.swift */ = {isa = PBXFileReference; lastKnownFileType = sourcecode.swift; path = SceneDelegate.swift; sourceTree = "<group>"; };
		C0D3D79225E5A0D200539878 /* ViewController.swift */ = {isa = PBXFileReference; lastKnownFileType = sourcecode.swift; path = ViewController.swift; sourceTree = "<group>"; };
		C0D3D79525E5A0D200539878 /* Base */ = {isa = PBXFileReference; lastKnownFileType = file.storyboard; name = Base; path = Base.lproj/Main.storyboard; sourceTree = "<group>"; };
		C0D3D79825E5A0D200539878 /* SpringChallengeP_K_.xcdatamodel */ = {isa = PBXFileReference; lastKnownFileType = wrapper.xcdatamodel; path = SpringChallengeP_K_.xcdatamodel; sourceTree = "<group>"; };
		C0D3D79A25E5A0D300539878 /* Assets.xcassets */ = {isa = PBXFileReference; lastKnownFileType = folder.assetcatalog; path = Assets.xcassets; sourceTree = "<group>"; };
		C0D3D79D25E5A0D300539878 /* Base */ = {isa = PBXFileReference; lastKnownFileType = file.storyboard; name = Base; path = Base.lproj/LaunchScreen.storyboard; sourceTree = "<group>"; };
		C0D3D79F25E5A0D300539878 /* Info.plist */ = {isa = PBXFileReference; lastKnownFileType = text.plist.xml; path = Info.plist; sourceTree = "<group>"; };
		C0D3D7A625E5A12200539878 /* Posts.json */ = {isa = PBXFileReference; fileEncoding = 4; lastKnownFileType = text.json; path = Posts.json; sourceTree = "<group>"; };
		C0D3D7A925E5A1B100539878 /* Posts.swift */ = {isa = PBXFileReference; lastKnownFileType = sourcecode.swift; path = Posts.swift; sourceTree = "<group>"; };
		C0D3D7AC25E5A4C500539878 /* PostsToLoad.swift */ = {isa = PBXFileReference; lastKnownFileType = sourcecode.swift; path = PostsToLoad.swift; sourceTree = "<group>"; };
		C0D3D7AF25E5DD1D00539878 /* User.json */ = {isa = PBXFileReference; fileEncoding = 4; lastKnownFileType = text.json; path = User.json; sourceTree = "<group>"; };
/* End PBXFileReference section */

/* Begin PBXFrameworksBuildPhase section */
		C0D3D78825E5A0D200539878 /* Frameworks */ = {
			isa = PBXFrameworksBuildPhase;
			buildActionMask = 2147483647;
			files = (
			);
			runOnlyForDeploymentPostprocessing = 0;
		};
/* End PBXFrameworksBuildPhase section */

/* Begin PBXGroup section */
		C0D3D78225E5A0D200539878 = {
			isa = PBXGroup;
			children = (
				C0D3D78D25E5A0D200539878 /* SpringChallengeP.K. */,
				C0D3D78C25E5A0D200539878 /* Products */,
			);
			sourceTree = "<group>";
		};
		C0D3D78C25E5A0D200539878 /* Products */ = {
			isa = PBXGroup;
			children = (
				C0D3D78B25E5A0D200539878 /* SpringChallengeP.K..app */,
			);
			name = Products;
			sourceTree = "<group>";
		};
		C0D3D78D25E5A0D200539878 /* SpringChallengeP.K. */ = {
			isa = PBXGroup;
			children = (
				C0D3D78E25E5A0D200539878 /* AppDelegate.swift */,
				C0D3D7A625E5A12200539878 /* Posts.json */,
				C0D3D7AF25E5DD1D00539878 /* User.json */,
				C0D3D79025E5A0D200539878 /* SceneDelegate.swift */,
				C0D3D7A925E5A1B100539878 /* Posts.swift */,
				C0D3D79225E5A0D200539878 /* ViewController.swift */,
				C0D3D7AC25E5A4C500539878 /* PostsToLoad.swift */,
				C0D3D79425E5A0D200539878 /* Main.storyboard */,
				C0D3D79A25E5A0D300539878 /* Assets.xcassets */,
				C0D3D79C25E5A0D300539878 /* LaunchScreen.storyboard */,
				C0D3D79F25E5A0D300539878 /* Info.plist */,
				C0D3D79725E5A0D200539878 /* SpringChallengeP_K_.xcdatamodeld */,
			);
			path = SpringChallengeP.K.;
			sourceTree = "<group>";
		};
/* End PBXGroup section */

/* Begin PBXNativeTarget section */
		C0D3D78A25E5A0D200539878 /* SpringChallengeP.K. */ = {
			isa = PBXNativeTarget;
			buildConfigurationList = C0D3D7A225E5A0D300539878 /* Build configuration list for PBXNativeTarget "SpringChallengeP.K." */;
			buildPhases = (
				C0D3D78725E5A0D200539878 /* Sources */,
				C0D3D78825E5A0D200539878 /* Frameworks */,
				C0D3D78925E5A0D200539878 /* Resources */,
			);
			buildRules = (
			);
			dependencies = (
			);
			name = SpringChallengeP.K.;
			productName = SpringChallengeP.K.;
			productReference = C0D3D78B25E5A0D200539878 /* SpringChallengeP.K..app */;
			productType = "com.apple.product-type.application";
		};
/* End PBXNativeTarget section */

/* Begin PBXProject section */
		C0D3D78325E5A0D200539878 /* Project object */ = {
			isa = PBXProject;
			attributes = {
				LastSwiftUpdateCheck = 1230;
				LastUpgradeCheck = 1230;
				TargetAttributes = {
					C0D3D78A25E5A0D200539878 = {
						CreatedOnToolsVersion = 12.3;
					};
				};
			};
			buildConfigurationList = C0D3D78625E5A0D200539878 /* Build configuration list for PBXProject "SpringChallengeP.K." */;
			compatibilityVersion = "Xcode 9.3";
			developmentRegion = en;
			hasScannedForEncodings = 0;
			knownRegions = (
				en,
				Base,
			);
			mainGroup = C0D3D78225E5A0D200539878;
			productRefGroup = C0D3D78C25E5A0D200539878 /* Products */;
			projectDirPath = "";
			projectRoot = "";
			targets = (
				C0D3D78A25E5A0D200539878 /* SpringChallengeP.K. */,
			);
		};
/* End PBXProject section */

/* Begin PBXResourcesBuildPhase section */
		C0D3D78925E5A0D200539878 /* Resources */ = {
			isa = PBXResourcesBuildPhase;
			buildActionMask = 2147483647;
			files = (
				C0D3D79E25E5A0D300539878 /* LaunchScreen.storyboard in Resources */,
				C0D3D7B025E5DD1D00539878 /* User.json in Resources */,
				C0D3D79B25E5A0D300539878 /* Assets.xcassets in Resources */,
				C0D3D79625E5A0D200539878 /* Main.storyboard in Resources */,
				C0D3D7A725E5A12200539878 /* Posts.json in Resources */,
			);
			runOnlyForDeploymentPostprocessing = 0;
		};
/* End PBXResourcesBuildPhase section */

/* Begin PBXSourcesBuildPhase section */
		C0D3D78725E5A0D200539878 /* Sources */ = {
			isa = PBXSourcesBuildPhase;
			buildActionMask = 2147483647;
			files = (
				C0D3D79325E5A0D200539878 /* ViewController.swift in Sources */,
				C0D3D78F25E5A0D200539878 /* AppDelegate.swift in Sources */,
				C0D3D7AD25E5A4C500539878 /* PostsToLoad.swift in Sources */,
				C0D3D7AA25E5A1B100539878 /* Posts.swift in Sources */,
				C0D3D79925E5A0D200539878 /* SpringChallengeP_K_.xcdatamodeld in Sources */,
				C0D3D79125E5A0D200539878 /* SceneDelegate.swift in Sources */,
			);
			runOnlyForDeploymentPostprocessing = 0;
		};
/* End PBXSourcesBuildPhase section */

/* Begin PBXVariantGroup section */
		C0D3D79425E5A0D200539878 /* Main.storyboard */ = {
			isa = PBXVariantGroup;
			children = (
				C0D3D79525E5A0D200539878 /* Base */,
			);
			name = Main.storyboard;
			sourceTree = "<group>";
		};
		C0D3D79C25E5A0D300539878 /* LaunchScreen.storyboard */ = {
			isa = PBXVariantGroup;
			children = (
				C0D3D79D25E5A0D300539878 /* Base */,
			);
			name = LaunchScreen.storyboard;
			sourceTree = "<group>";
		};
/* End PBXVariantGroup section */

/* Begin XCBuildConfiguration section */
		C0D3D7A025E5A0D300539878 /* Debug */ = {
			isa = XCBuildConfiguration;
			buildSettings = {
				ALWAYS_SEARCH_USER_PATHS = NO;
				CLANG_ANALYZER_NONNULL = YES;
				CLANG_ANALYZER_NUMBER_OBJECT_CONVERSION = YES_AGGRESSIVE;
				CLANG_CXX_LANGUAGE_STANDARD = "gnu++14";
				CLANG_CXX_LIBRARY = "libc++";
				CLANG_ENABLE_MODULES = YES;
				CLANG_ENABLE_OBJC_ARC = YES;
				CLANG_ENABLE_OBJC_WEAK = YES;
				CLANG_WARN_BLOCK_CAPTURE_AUTORELEASING = YES;
				CLANG_WARN_BOOL_CONVERSION = YES;
				CLANG_WARN_COMMA = YES;
				CLANG_WARN_CONSTANT_CONVERSION = YES;
				CLANG_WARN_DEPRECATED_OBJC_IMPLEMENTATIONS = YES;
				CLANG_WARN_DIRECT_OBJC_ISA_USAGE = YES_ERROR;
				CLANG_WARN_DOCUMENTATION_COMMENTS = YES;
				CLANG_WARN_EMPTY_BODY = YES;
				CLANG_WARN_ENUM_CONVERSION = YES;
				CLANG_WARN_INFINITE_RECURSION = YES;
				CLANG_WARN_INT_CONVERSION = YES;
				CLANG_WARN_NON_LITERAL_NULL_CONVERSION = YES;
				CLANG_WARN_OBJC_IMPLICIT_RETAIN_SELF = YES;
				CLANG_WARN_OBJC_LITERAL_CONVERSION = YES;
				CLANG_WARN_OBJC_ROOT_CLASS = YES_ERROR;
				CLANG_WARN_QUOTED_INCLUDE_IN_FRAMEWORK_HEADER = YES;
				CLANG_WARN_RANGE_LOOP_ANALYSIS = YES;
				CLANG_WARN_STRICT_PROTOTYPES = YES;
				CLANG_WARN_SUSPICIOUS_MOVE = YES;
				CLANG_WARN_UNGUARDED_AVAILABILITY = YES_AGGRESSIVE;
				CLANG_WARN_UNREACHABLE_CODE = YES;
				CLANG_WARN__DUPLICATE_METHOD_MATCH = YES;
				COPY_PHASE_STRIP = NO;
				DEBUG_INFORMATION_FORMAT = dwarf;
				ENABLE_STRICT_OBJC_MSGSEND = YES;
				ENABLE_TESTABILITY = YES;
				GCC_C_LANGUAGE_STANDARD = gnu11;
				GCC_DYNAMIC_NO_PIC = NO;
				GCC_NO_COMMON_BLOCKS = YES;
				GCC_OPTIMIZATION_LEVEL = 0;
				GCC_PREPROCESSOR_DEFINITIONS = (
					"DEBUG=1",
					"$(inherited)",
				);
				GCC_WARN_64_TO_32_BIT_CONVERSION = YES;
				GCC_WARN_ABOUT_RETURN_TYPE = YES_ERROR;
				GCC_WARN_UNDECLARED_SELECTOR = YES;
				GCC_WARN_UNINITIALIZED_AUTOS = YES_AGGRESSIVE;
				GCC_WARN_UNUSED_FUNCTION = YES;
				GCC_WARN_UNUSED_VARIABLE = YES;
				IPHONEOS_DEPLOYMENT_TARGET = 14.3;
				MTL_ENABLE_DEBUG_INFO = INCLUDE_SOURCE;
				MTL_FAST_MATH = YES;
				ONLY_ACTIVE_ARCH = YES;
				SDKROOT = iphoneos;
				SWIFT_ACTIVE_COMPILATION_CONDITIONS = DEBUG;
				SWIFT_OPTIMIZATION_LEVEL = "-Onone";
			};
			name = Debug;
		};
		C0D3D7A125E5A0D300539878 /* Release */ = {
			isa = XCBuildConfiguration;
			buildSettings = {
				ALWAYS_SEARCH_USER_PATHS = NO;
				CLANG_ANALYZER_NONNULL = YES;
				CLANG_ANALYZER_NUMBER_OBJECT_CONVERSION = YES_AGGRESSIVE;
				CLANG_CXX_LANGUAGE_STANDARD = "gnu++14";
				CLANG_CXX_LIBRARY = "libc++";
				CLANG_ENABLE_MODULES = YES;
				CLANG_ENABLE_OBJC_ARC = YES;
				CLANG_ENABLE_OBJC_WEAK = YES;
				CLANG_WARN_BLOCK_CAPTURE_AUTORELEASING = YES;
				CLANG_WARN_BOOL_CONVERSION = YES;
				CLANG_WARN_COMMA = YES;
				CLANG_WARN_CONSTANT_CONVERSION = YES;
				CLANG_WARN_DEPRECATED_OBJC_IMPLEMENTATIONS = YES;
				CLANG_WARN_DIRECT_OBJC_ISA_USAGE = YES_ERROR;
				CLANG_WARN_DOCUMENTATION_COMMENTS = YES;
				CLANG_WARN_EMPTY_BODY = YES;
				CLANG_WARN_ENUM_CONVERSION = YES;
				CLANG_WARN_INFINITE_RECURSION = YES;
				CLANG_WARN_INT_CONVERSION = YES;
				CLANG_WARN_NON_LITERAL_NULL_CONVERSION = YES;
				CLANG_WARN_OBJC_IMPLICIT_RETAIN_SELF = YES;
				CLANG_WARN_OBJC_LITERAL_CONVERSION = YES;
				CLANG_WARN_OBJC_ROOT_CLASS = YES_ERROR;
				CLANG_WARN_QUOTED_INCLUDE_IN_FRAMEWORK_HEADER = YES;
				CLANG_WARN_RANGE_LOOP_ANALYSIS = YES;
				CLANG_WARN_STRICT_PROTOTYPES = YES;
				CLANG_WARN_SUSPICIOUS_MOVE = YES;
				CLANG_WARN_UNGUARDED_AVAILABILITY = YES_AGGRESSIVE;
				CLANG_WARN_UNREACHABLE_CODE = YES;
				CLANG_WARN__DUPLICATE_METHOD_MATCH = YES;
				COPY_PHASE_STRIP = NO;
				DEBUG_INFORMATION_FORMAT = "dwarf-with-dsym";
				ENABLE_NS_ASSERTIONS = NO;
				ENABLE_STRICT_OBJC_MSGSEND = YES;
				GCC_C_LANGUAGE_STANDARD = gnu11;
				GCC_NO_COMMON_BLOCKS = YES;
				GCC_WARN_64_TO_32_BIT_CONVERSION = YES;
				GCC_WARN_ABOUT_RETURN_TYPE = YES_ERROR;
				GCC_WARN_UNDECLARED_SELECTOR = YES;
				GCC_WARN_UNINITIALIZED_AUTOS = YES_AGGRESSIVE;
				GCC_WARN_UNUSED_FUNCTION = YES;
				GCC_WARN_UNUSED_VARIABLE = YES;
				IPHONEOS_DEPLOYMENT_TARGET = 14.3;
				MTL_ENABLE_DEBUG_INFO = NO;
				MTL_FAST_MATH = YES;
				SDKROOT = iphoneos;
				SWIFT_COMPILATION_MODE = wholemodule;
				SWIFT_OPTIMIZATION_LEVEL = "-O";
				VALIDATE_PRODUCT = YES;
			};
			name = Release;
		};
		C0D3D7A325E5A0D300539878 /* Debug */ = {
			isa = XCBuildConfiguration;
			buildSettings = {
				ASSETCATALOG_COMPILER_APPICON_NAME = AppIcon;
				ASSETCATALOG_COMPILER_GLOBAL_ACCENT_COLOR_NAME = AccentColor;
				CODE_SIGN_STYLE = Automatic;
				DEVELOPMENT_TEAM = WRC4QXXN5V;
				INFOPLIST_FILE = SpringChallengeP.K./Info.plist;
				LD_RUNPATH_SEARCH_PATHS = (
					"$(inherited)",
					"@executable_path/Frameworks",
				);
				PRODUCT_BUNDLE_IDENTIFIER = "Marie.Kallop.SpringChallengeP-K-";
				PRODUCT_NAME = "$(TARGET_NAME)";
				SWIFT_VERSION = 5.0;
				TARGETED_DEVICE_FAMILY = "1,2";
			};
			name = Debug;
		};
		C0D3D7A425E5A0D300539878 /* Release */ = {
			isa = XCBuildConfiguration;
			buildSettings = {
				ASSETCATALOG_COMPILER_APPICON_NAME = AppIcon;
				ASSETCATALOG_COMPILER_GLOBAL_ACCENT_COLOR_NAME = AccentColor;
				CODE_SIGN_STYLE = Automatic;
				DEVELOPMENT_TEAM = WRC4QXXN5V;
				INFOPLIST_FILE = SpringChallengeP.K./Info.plist;
				LD_RUNPATH_SEARCH_PATHS = (
					"$(inherited)",
					"@executable_path/Frameworks",
				);
				PRODUCT_BUNDLE_IDENTIFIER = "Marie.Kallop.SpringChallengeP-K-";
				PRODUCT_NAME = "$(TARGET_NAME)";
				SWIFT_VERSION = 5.0;
				TARGETED_DEVICE_FAMILY = "1,2";
			};
			name = Release;
		};
/* End XCBuildConfiguration section */

/* Begin XCConfigurationList section */
		C0D3D78625E5A0D200539878 /* Build configuration list for PBXProject "SpringChallengeP.K." */ = {
			isa = XCConfigurationList;
			buildConfigurations = (
				C0D3D7A025E5A0D300539878 /* Debug */,
				C0D3D7A125E5A0D300539878 /* Release */,
			);
			defaultConfigurationIsVisible = 0;
			defaultConfigurationName = Release;
		};
		C0D3D7A225E5A0D300539878 /* Build configuration list for PBXNativeTarget "SpringChallengeP.K." */ = {
			isa = XCConfigurationList;
			buildConfigurations = (
				C0D3D7A325E5A0D300539878 /* Debug */,
				C0D3D7A425E5A0D300539878 /* Release */,
			);
			defaultConfigurationIsVisible = 0;
			defaultConfigurationName = Release;
		};
/* End XCConfigurationList section */

/* Begin XCVersionGroup section */
		C0D3D79725E5A0D200539878 /* SpringChallengeP_K_.xcdatamodeld */ = {
			isa = XCVersionGroup;
			children = (
				C0D3D79825E5A0D200539878 /* SpringChallengeP_K_.xcdatamodel */,
			);
			currentVersion = C0D3D79825E5A0D200539878 /* SpringChallengeP_K_.xcdatamodel */;
			path = SpringChallengeP_K_.xcdatamodeld;
			sourceTree = "<group>";
			versionGroupType = wrapper.xcdatamodel;
		};
/* End XCVersionGroup section */
	};
	rootObject = C0D3D78325E5A0D200539878 /* Project object */;
}
